// !$*UTF8*$!
{
	archiveVersion = 1;
	classes = {
	};
	objectVersion = 46;
	objects = {

/* Begin PBXBuildFile section */
		A68C58E91EF70AB200FCCD86 /* WalletViewController.swift in Sources */ = {isa = PBXBuildFile; fileRef = A68C58E81EF70AB200FCCD86 /* WalletViewController.swift */; };
		A68C58EB1EF715F900FCCD86 /* BudgetController.swift in Sources */ = {isa = PBXBuildFile; fileRef = A68C58EA1EF715F900FCCD86 /* BudgetController.swift */; };
		A68C58ED1EF731C600FCCD86 /* CreateExpenseModalViewController.swift in Sources */ = {isa = PBXBuildFile; fileRef = A68C58EC1EF731C600FCCD86 /* CreateExpenseModalViewController.swift */; };
		A6B5FA191EF6FFF10021BB01 /* AppDelegate.swift in Sources */ = {isa = PBXBuildFile; fileRef = A6B5FA181EF6FFF10021BB01 /* AppDelegate.swift */; };
		A6B5FA1B1EF6FFF10021BB01 /* MainViewController.swift in Sources */ = {isa = PBXBuildFile; fileRef = A6B5FA1A1EF6FFF10021BB01 /* MainViewController.swift */; };
		A6B5FA1E1EF6FFF10021BB01 /* Main.storyboard in Resources */ = {isa = PBXBuildFile; fileRef = A6B5FA1C1EF6FFF10021BB01 /* Main.storyboard */; };
		A6B5FA211EF6FFF10021BB01 /* WalletWatcher.xcdatamodeld in Sources */ = {isa = PBXBuildFile; fileRef = A6B5FA1F1EF6FFF10021BB01 /* WalletWatcher.xcdatamodeld */; };
		A6B5FA231EF6FFF10021BB01 /* Assets.xcassets in Resources */ = {isa = PBXBuildFile; fileRef = A6B5FA221EF6FFF10021BB01 /* Assets.xcassets */; };
		A6B5FA261EF6FFF10021BB01 /* LaunchScreen.storyboard in Resources */ = {isa = PBXBuildFile; fileRef = A6B5FA241EF6FFF10021BB01 /* LaunchScreen.storyboard */; };
/* End PBXBuildFile section */

/* Begin PBXFileReference section */
		A68C58E81EF70AB200FCCD86 /* WalletViewController.swift */ = {isa = PBXFileReference; fileEncoding = 4; lastKnownFileType = sourcecode.swift; path = WalletViewController.swift; sourceTree = "<group>"; };
		A68C58EA1EF715F900FCCD86 /* BudgetController.swift */ = {isa = PBXFileReference; fileEncoding = 4; lastKnownFileType = sourcecode.swift; name = BudgetController.swift; path = ../BudgetController.swift; sourceTree = "<group>"; };
		A68C58EC1EF731C600FCCD86 /* CreateExpenseModalViewController.swift */ = {isa = PBXFileReference; fileEncoding = 4; lastKnownFileType = sourcecode.swift; name = CreateExpenseModalViewController.swift; path = ../CreateExpenseModalViewController.swift; sourceTree = "<group>"; };
		A6B5FA151EF6FFF10021BB01 /* WalletWatcher.app */ = {isa = PBXFileReference; explicitFileType = wrapper.application; includeInIndex = 0; path = WalletWatcher.app; sourceTree = BUILT_PRODUCTS_DIR; };
		A6B5FA181EF6FFF10021BB01 /* AppDelegate.swift */ = {isa = PBXFileReference; lastKnownFileType = sourcecode.swift; path = AppDelegate.swift; sourceTree = "<group>"; };
		A6B5FA1A1EF6FFF10021BB01 /* MainViewController.swift */ = {isa = PBXFileReference; lastKnownFileType = sourcecode.swift; path = MainViewController.swift; sourceTree = "<group>"; };
		A6B5FA1D1EF6FFF10021BB01 /* Base */ = {isa = PBXFileReference; lastKnownFileType = file.storyboard; name = Base; path = Base.lproj/Main.storyboard; sourceTree = "<group>"; };
		A6B5FA201EF6FFF10021BB01 /* WalletWatcher.xcdatamodel */ = {isa = PBXFileReference; lastKnownFileType = wrapper.xcdatamodel; path = WalletWatcher.xcdatamodel; sourceTree = "<group>"; };
		A6B5FA221EF6FFF10021BB01 /* Assets.xcassets */ = {isa = PBXFileReference; lastKnownFileType = folder.assetcatalog; path = Assets.xcassets; sourceTree = "<group>"; };
		A6B5FA251EF6FFF10021BB01 /* Base */ = {isa = PBXFileReference; lastKnownFileType = file.storyboard; name = Base; path = Base.lproj/LaunchScreen.storyboard; sourceTree = "<group>"; };
		A6B5FA271EF6FFF10021BB01 /* Info.plist */ = {isa = PBXFileReference; lastKnownFileType = text.plist.xml; path = Info.plist; sourceTree = "<group>"; };
/* End PBXFileReference section */

/* Begin PBXFrameworksBuildPhase section */
		A6B5FA121EF6FFF10021BB01 /* Frameworks */ = {
			isa = PBXFrameworksBuildPhase;
			buildActionMask = 2147483647;
			files = (
			);
			runOnlyForDeploymentPostprocessing = 0;
		};
/* End PBXFrameworksBuildPhase section */

/* Begin PBXGroup section */
		A6B5FA0C1EF6FFF10021BB01 = {
			isa = PBXGroup;
			children = (
				A6B5FA171EF6FFF10021BB01 /* WalletWatcher */,
				A6B5FA161EF6FFF10021BB01 /* Products */,
			);
			sourceTree = "<group>";
		};
		A6B5FA161EF6FFF10021BB01 /* Products */ = {
			isa = PBXGroup;
			children = (
				A6B5FA151EF6FFF10021BB01 /* WalletWatcher.app */,
			);
			name = Products;
			sourceTree = "<group>";
		};
		A6B5FA171EF6FFF10021BB01 /* WalletWatcher */ = {
			isa = PBXGroup;
			children = (
				A6B5FA181EF6FFF10021BB01 /* AppDelegate.swift */,
				A68C58EC1EF731C600FCCD86 /* CreateExpenseModalViewController.swift */,
				A68C58EA1EF715F900FCCD86 /* BudgetController.swift */,
				A68C58E81EF70AB200FCCD86 /* WalletViewController.swift */,
				A6B5FA1A1EF6FFF10021BB01 /* MainViewController.swift */,
				A6B5FA1C1EF6FFF10021BB01 /* Main.storyboard */,
				A6B5FA221EF6FFF10021BB01 /* Assets.xcassets */,
				A6B5FA241EF6FFF10021BB01 /* LaunchScreen.storyboard */,
				A6B5FA271EF6FFF10021BB01 /* Info.plist */,
				A6B5FA1F1EF6FFF10021BB01 /* WalletWatcher.xcdatamodeld */,
			);
			path = WalletWatcher;
			sourceTree = "<group>";
		};
/* End PBXGroup section */

/* Begin PBXNativeTarget section */
		A6B5FA141EF6FFF10021BB01 /* WalletWatcher */ = {
			isa = PBXNativeTarget;
			buildConfigurationList = A6B5FA2A1EF6FFF10021BB01 /* Build configuration list for PBXNativeTarget "WalletWatcher" */;
			buildPhases = (
				A6B5FA111EF6FFF10021BB01 /* Sources */,
				A6B5FA121EF6FFF10021BB01 /* Frameworks */,
				A6B5FA131EF6FFF10021BB01 /* Resources */,
			);
			buildRules = (
			);
			dependencies = (
			);
			name = WalletWatcher;
			productName = WalletWatcher;
			productReference = A6B5FA151EF6FFF10021BB01 /* WalletWatcher.app */;
			productType = "com.apple.product-type.application";
		};
/* End PBXNativeTarget section */

/* Begin PBXProject section */
		A6B5FA0D1EF6FFF10021BB01 /* Project object */ = {
			isa = PBXProject;
			attributes = {
				LastSwiftUpdateCheck = 0830;
				LastUpgradeCheck = 0830;
				ORGANIZATIONNAME = "Mario Cordova";
				TargetAttributes = {
					A6B5FA141EF6FFF10021BB01 = {
						CreatedOnToolsVersion = 8.3.3;
						DevelopmentTeam = 9ZEAQV275U;
						ProvisioningStyle = Automatic;
					};
				};
			};
			buildConfigurationList = A6B5FA101EF6FFF10021BB01 /* Build configuration list for PBXProject "WalletWatcher" */;
			compatibilityVersion = "Xcode 3.2";
			developmentRegion = English;
			hasScannedForEncodings = 0;
			knownRegions = (
				en,
				Base,
			);
			mainGroup = A6B5FA0C1EF6FFF10021BB01;
			productRefGroup = A6B5FA161EF6FFF10021BB01 /* Products */;
			projectDirPath = "";
			projectRoot = "";
			targets = (
				A6B5FA141EF6FFF10021BB01 /* WalletWatcher */,
			);
		};
/* End PBXProject section */

/* Begin PBXResourcesBuildPhase section */
		A6B5FA131EF6FFF10021BB01 /* Resources */ = {
			isa = PBXResourcesBuildPhase;
			buildActionMask = 2147483647;
			files = (
				A6B5FA261EF6FFF10021BB01 /* LaunchScreen.storyboard in Resources */,
				A6B5FA231EF6FFF10021BB01 /* Assets.xcassets in Resources */,
				A6B5FA1E1EF6FFF10021BB01 /* Main.storyboard in Resources */,
			);
			runOnlyForDeploymentPostprocessing = 0;
		};
/* End PBXResourcesBuildPhase section */

/* Begin PBXSourcesBuildPhase section */
		A6B5FA111EF6FFF10021BB01 /* Sources */ = {
			isa = PBXSourcesBuildPhase;
			buildActionMask = 2147483647;
			files = (
				A6B5FA1B1EF6FFF10021BB01 /* MainViewController.swift in Sources */,
				A68C58E91EF70AB200FCCD86 /* WalletViewController.swift in Sources */,
				A6B5FA211EF6FFF10021BB01 /* WalletWatcher.xcdatamodeld in Sources */,
				A68C58ED1EF731C600FCCD86 /* CreateExpenseModalViewController.swift in Sources */,
				A68C58EB1EF715F900FCCD86 /* BudgetController.swift in Sources */,
				A6B5FA191EF6FFF10021BB01 /* AppDelegate.swift in Sources */,
			);
			runOnlyForDeploymentPostprocessing = 0;
		};
/* End PBXSourcesBuildPhase section */

/* Begin PBXVariantGroup section */
		A6B5FA1C1EF6FFF10021BB01 /* Main.storyboard */ = {
			isa = PBXVariantGroup;
			children = (
				A6B5FA1D1EF6FFF10021BB01 /* Base */,
			);
			name = Main.storyboard;
			sourceTree = "<group>";
		};
		A6B5FA241EF6FFF10021BB01 /* LaunchScreen.storyboard */ = {
			isa = PBXVariantGroup;
			children = (
				A6B5FA251EF6FFF10021BB01 /* Base */,
			);
			name = LaunchScreen.storyboard;
			sourceTree = "<group>";
		};
/* End PBXVariantGroup section */

/* Begin XCBuildConfiguration section */
		A6B5FA281EF6FFF10021BB01 /* Debug */ = {
			isa = XCBuildConfiguration;
			buildSettings = {
				ALWAYS_SEARCH_USER_PATHS = NO;
				CLANG_ANALYZER_NONNULL = YES;
				CLANG_ANALYZER_NUMBER_OBJECT_CONVERSION = YES_AGGRESSIVE;
				CLANG_CXX_LANGUAGE_STANDARD = "gnu++0x";
				CLANG_CXX_LIBRARY = "libc++";
				CLANG_ENABLE_MODULES = YES;
				CLANG_ENABLE_OBJC_ARC = YES;
				CLANG_WARN_BOOL_CONVERSION = YES;
				CLANG_WARN_CONSTANT_CONVERSION = YES;
				CLANG_WARN_DIRECT_OBJC_ISA_USAGE = YES_ERROR;
				CLANG_WARN_DOCUMENTATION_COMMENTS = YES;
				CLANG_WARN_EMPTY_BODY = YES;
				CLANG_WARN_ENUM_CONVERSION = YES;
				CLANG_WARN_INFINITE_RECURSION = YES;
				CLANG_WARN_INT_CONVERSION = YES;
				CLANG_WARN_OBJC_ROOT_CLASS = YES_ERROR;
				CLANG_WARN_SUSPICIOUS_MOVE = YES;
				CLANG_WARN_UNREACHABLE_CODE = YES;
				CLANG_WARN__DUPLICATE_METHOD_MATCH = YES;
				"CODE_SIGN_IDENTITY[sdk=iphoneos*]" = "iPhone Developer";
				COPY_PHASE_STRIP = NO;
				DEBUG_INFORMATION_FORMAT = dwarf;
				ENABLE_STRICT_OBJC_MSGSEND = YES;
				ENABLE_TESTABILITY = YES;
				GCC_C_LANGUAGE_STANDARD = gnu99;
				GCC_DYNAMIC_NO_PIC = NO;
				GCC_NO_COMMON_BLOCKS = YES;
				GCC_OPTIMIZATION_LEVEL = 0;
				GCC_PREPROCESSOR_DEFINITIONS = (
					"DEBUG=1",
					"$(inherited)",
				);
				GCC_WARN_64_TO_32_BIT_CONVERSION = YES;
				GCC_WARN_ABOUT_RETURN_TYPE = YES_ERROR;
				GCC_WARN_UNDECLARED_SELECTOR = YES;
				GCC_WARN_UNINITIALIZED_AUTOS = YES_AGGRESSIVE;
				GCC_WARN_UNUSED_FUNCTION = YES;
				GCC_WARN_UNUSED_VARIABLE = YES;
				IPHONEOS_DEPLOYMENT_TARGET = 10.3;
				MTL_ENABLE_DEBUG_INFO = YES;
				ONLY_ACTIVE_ARCH = YES;
				SDKROOT = iphoneos;
				SWIFT_ACTIVE_COMPILATION_CONDITIONS = DEBUG;
				SWIFT_OPTIMIZATION_LEVEL = "-Onone";
				TARGETED_DEVICE_FAMILY = "1,2";
			};
			name = Debug;
		};
		A6B5FA291EF6FFF10021BB01 /* Release */ = {
			isa = XCBuildConfiguration;
			buildSettings = {
				ALWAYS_SEARCH_USER_PATHS = NO;
				CLANG_ANALYZER_NONNULL = YES;
				CLANG_ANALYZER_NUMBER_OBJECT_CONVERSION = YES_AGGRESSIVE;
				CLANG_CXX_LANGUAGE_STANDARD = "gnu++0x";
				CLANG_CXX_LIBRARY = "libc++";
				CLANG_ENABLE_MODULES = YES;
				CLANG_ENABLE_OBJC_ARC = YES;
				CLANG_WARN_BOOL_CONVERSION = YES;
				CLANG_WARN_CONSTANT_CONVERSION = YES;
				CLANG_WARN_DIRECT_OBJC_ISA_USAGE = YES_ERROR;
				CLANG_WARN_DOCUMENTATION_COMMENTS = YES;
				CLANG_WARN_EMPTY_BODY = YES;
				CLANG_WARN_ENUM_CONVERSION = YES;
				CLANG_WARN_INFINITE_RECURSION = YES;
				CLANG_WARN_INT_CONVERSION = YES;
				CLANG_WARN_OBJC_ROOT_CLASS = YES_ERROR;
				CLANG_WARN_SUSPICIOUS_MOVE = YES;
				CLANG_WARN_UNREACHABLE_CODE = YES;
				CLANG_WARN__DUPLICATE_METHOD_MATCH = YES;
				"CODE_SIGN_IDENTITY[sdk=iphoneos*]" = "iPhone Developer";
				COPY_PHASE_STRIP = NO;
				DEBUG_INFORMATION_FORMAT = "dwarf-with-dsym";
				ENABLE_NS_ASSERTIONS = NO;
				ENABLE_STRICT_OBJC_MSGSEND = YES;
				GCC_C_LANGUAGE_STANDARD = gnu99;
				GCC_NO_COMMON_BLOCKS = YES;
				GCC_WARN_64_TO_32_BIT_CONVERSION = YES;
				GCC_WARN_ABOUT_RETURN_TYPE = YES_ERROR;
				GCC_WARN_UNDECLARED_SELECTOR = YES;
				GCC_WARN_UNINITIALIZED_AUTOS = YES_AGGRESSIVE;
				GCC_WARN_UNUSED_FUNCTION = YES;
				GCC_WARN_UNUSED_VARIABLE = YES;
				IPHONEOS_DEPLOYMENT_TARGET = 10.3;
				MTL_ENABLE_DEBUG_INFO = NO;
				SDKROOT = iphoneos;
				SWIFT_OPTIMIZATION_LEVEL = "-Owholemodule";
				TARGETED_DEVICE_FAMILY = "1,2";
				VALIDATE_PRODUCT = YES;
			};
			name = Release;
		};
		A6B5FA2B1EF6FFF10021BB01 /* Debug */ = {
			isa = XCBuildConfiguration;
			buildSettings = {
				ASSETCATALOG_COMPILER_APPICON_NAME = AppIcon;
				DEVELOPMENT_TEAM = 9ZEAQV275U;
				INFOPLIST_FILE = WalletWatcher/Info.plist;
				LD_RUNPATH_SEARCH_PATHS = "$(inherited) @executable_path/Frameworks";
				PRODUCT_BUNDLE_IDENTIFIER = com.mac93.WalletWatcher;
				PRODUCT_NAME = "$(TARGET_NAME)";
				SWIFT_VERSION = 3.0;
			};
			name = Debug;
		};
		A6B5FA2C1EF6FFF10021BB01 /* Release */ = {
			isa = XCBuildConfiguration;
			buildSettings = {
				ASSETCATALOG_COMPILER_APPICON_NAME = AppIcon;
				DEVELOPMENT_TEAM = 9ZEAQV275U;
				INFOPLIST_FILE = WalletWatcher/Info.plist;
				LD_RUNPATH_SEARCH_PATHS = "$(inherited) @executable_path/Frameworks";
				PRODUCT_BUNDLE_IDENTIFIER = com.mac93.WalletWatcher;
				PRODUCT_NAME = "$(TARGET_NAME)";
				SWIFT_VERSION = 3.0;
			};
			name = Release;
		};
/* End XCBuildConfiguration section */

/* Begin XCConfigurationList section */
		A6B5FA101EF6FFF10021BB01 /* Build configuration list for PBXProject "WalletWatcher" */ = {
			isa = XCConfigurationList;
			buildConfigurations = (
				A6B5FA281EF6FFF10021BB01 /* Debug */,
				A6B5FA291EF6FFF10021BB01 /* Release */,
			);
			defaultConfigurationIsVisible = 0;
			defaultConfigurationName = Release;
		};
		A6B5FA2A1EF6FFF10021BB01 /* Build configuration list for PBXNativeTarget "WalletWatcher" */ = {
			isa = XCConfigurationList;
			buildConfigurations = (
				A6B5FA2B1EF6FFF10021BB01 /* Debug */,
				A6B5FA2C1EF6FFF10021BB01 /* Release */,
			);
			defaultConfigurationIsVisible = 0;
			defaultConfigurationName = Release;
		};
/* End XCConfigurationList section */

/* Begin XCVersionGroup section */
		A6B5FA1F1EF6FFF10021BB01 /* WalletWatcher.xcdatamodeld */ = {
			isa = XCVersionGroup;
			children = (
				A6B5FA201EF6FFF10021BB01 /* WalletWatcher.xcdatamodel */,
			);
			currentVersion = A6B5FA201EF6FFF10021BB01 /* WalletWatcher.xcdatamodel */;
			path = WalletWatcher.xcdatamodeld;
			sourceTree = "<group>";
			versionGroupType = wrapper.xcdatamodel;
		};
/* End XCVersionGroup section */
	};
	rootObject = A6B5FA0D1EF6FFF10021BB01 /* Project object */;
}
